
Microsoft Visual Studio Solution File, Format Version 12.00
# Visual Studio Version 16
VisualStudioVersion = 16.0.28803.156
MinimumVisualStudioVersion = 10.0.40219.1
Project("{FAE04EC0-301F-11D3-BF4B-00C04F79EFBC}") = "PictureSynthesize", "PictureSynthesize\PictureSynthesize.csproj", "{5DF34B4B-55C8-4789-91EF-980995419CE0}"
EndProject
Project("{FAE04EC0-301F-11D3-BF4B-00C04F79EFBC}") = "PictureSynthesizeDemo", "PictureSynthesizeDemo\PictureSynthesizeDemo.csproj", "{DC43C778-522B-4630-9517-9E3B948B6D1B}"
EndProject
Global
	GlobalSection(SolutionConfigurationPlatforms) = preSolution
		Debug|Any CPU = Debug|Any CPU
		Release|Any CPU = Release|Any CPU
	EndGlobalSection
	GlobalSection(ProjectConfigurationPlatforms) = postSolution
		{5DF34B4B-55C8-4789-91EF-980995419CE0}.Debug|Any CPU.ActiveCfg = Debug|Any CPU
		{5DF34B4B-55C8-4789-91EF-980995419CE0}.Debug|Any CPU.Build.0 = Debug|Any CPU
		{5DF34B4B-55C8-4789-91EF-980995419CE0}.Release|Any CPU.ActiveCfg = Release|Any CPU
		{5DF34B4B-55C8-4789-91EF-980995419CE0}.Release|Any CPU.Build.0 = Release|Any CPU
		{DC43C778-522B-4630-9517-9E3B948B6D1B}.Debug|Any CPU.ActiveCfg = Debug|Any CPU
		{DC43C778-522B-4630-9517-9E3B948B6D1B}.Debug|Any CPU.Build.0 = Debug|Any CPU
		{DC43C778-522B-4630-9517-9E3B948B6D1B}.Release|Any CPU.ActiveCfg = Release|Any CPU
		{DC43C778-522B-4630-9517-9E3B948B6D1B}.Release|Any CPU.Build.0 = Release|Any CPU
	EndGlobalSection
	GlobalSection(SolutionProperties) = preSolution
		HideSolutionNode = FALSE
	EndGlobalSection
	GlobalSection(ExtensibilityGlobals) = postSolution
		SolutionGuid = {463721FA-AB0D-471A-9086-4CD437B2E2A5}
	EndGlobalSection
EndGlobal
